// !$*UTF8*$!
{
	archiveVersion = 1;
	classes = {
	};
	objectVersion = 50;
	objects = {

/* Begin PBXBuildFile section */
		CD444A0526E6A46F00CB8F20 /* menu.jpg in Resources */ = {isa = PBXBuildFile; fileRef = CD444A0426E6A46F00CB8F20 /* menu.jpg */; };
		CD85A93526E1089B004190E7 /* objectif.png in Resources */ = {isa = PBXBuildFile; fileRef = CD85A92B26E1089B004190E7 /* objectif.png */; };
		CD85A93626E1089B004190E7 /* mario_gauche.gif in Resources */ = {isa = PBXBuildFile; fileRef = CD85A92C26E1089B004190E7 /* mario_gauche.gif */; };
		CD85A93726E1089B004190E7 /* mur.jpg in Resources */ = {isa = PBXBuildFile; fileRef = CD85A92D26E1089B004190E7 /* mur.jpg */; };
		CD85A93826E1089B004190E7 /* mario_droite.gif in Resources */ = {isa = PBXBuildFile; fileRef = CD85A92E26E1089B004190E7 /* mario_droite.gif */; };
		CD85A93926E1089B004190E7 /* mario_bas.gif in Resources */ = {isa = PBXBuildFile; fileRef = CD85A92F26E1089B004190E7 /* mario_bas.gif */; };
		CD85A93A26E1089B004190E7 /* mario_haut.gif in Resources */ = {isa = PBXBuildFile; fileRef = CD85A93026E1089B004190E7 /* mario_haut.gif */; };
		CD85A93C26E1089B004190E7 /* caisse.jpg in Resources */ = {isa = PBXBuildFile; fileRef = CD85A93226E1089B004190E7 /* caisse.jpg */; };
		CD85A93D26E1089B004190E7 /* caisse.ico in Resources */ = {isa = PBXBuildFile; fileRef = CD85A93326E1089B004190E7 /* caisse.ico */; };
		CD85A93E26E1089B004190E7 /* caisse_ok.jpg in Resources */ = {isa = PBXBuildFile; fileRef = CD85A93426E1089B004190E7 /* caisse_ok.jpg */; };
		CDF5455526DF1D95001EB866 /* Assets.xcassets in Resources */ = {isa = PBXBuildFile; fileRef = CDF5455426DF1D95001EB866 /* Assets.xcassets */; };
		CDF5456526DF1E70001EB866 /* SDL2.framework in Frameworks */ = {isa = PBXBuildFile; fileRef = CDF5456426DF1E70001EB866 /* SDL2.framework */; };
		CDF5456626DF1E70001EB866 /* SDL2.framework in Embed Frameworks */ = {isa = PBXBuildFile; fileRef = CDF5456426DF1E70001EB866 /* SDL2.framework */; settings = {ATTRIBUTES = (CodeSignOnCopy, RemoveHeadersOnCopy, ); }; };
		CDF5456926DF1E99001EB866 /* SDL2_image.framework in Frameworks */ = {isa = PBXBuildFile; fileRef = CDF5456826DF1E99001EB866 /* SDL2_image.framework */; };
		CDF5456A26DF1E99001EB866 /* SDL2_image.framework in Embed Frameworks */ = {isa = PBXBuildFile; fileRef = CDF5456826DF1E99001EB866 /* SDL2_image.framework */; settings = {ATTRIBUTES = (CodeSignOnCopy, RemoveHeadersOnCopy, ); }; };
		CDF5456C26DF1EC6001EB866 /* main.c in Sources */ = {isa = PBXBuildFile; fileRef = CDF5456B26DF1EC6001EB866 /* main.c */; };
		CDF5458926DFBF89001EB866 /* jeu.c in Sources */ = {isa = PBXBuildFile; fileRef = CDF5458826DFBF89001EB866 /* jeu.c */; };
		CDF5458C26DFBFE3001EB866 /* editeur.c in Sources */ = {isa = PBXBuildFile; fileRef = CDF5458B26DFBFE3001EB866 /* editeur.c */; };
		CDF5458F26DFC010001EB866 /* fichiers.c in Sources */ = {isa = PBXBuildFile; fileRef = CDF5458E26DFC010001EB866 /* fichiers.c */; };
		CDF5459B26E06FF3001EB866 /* niveaux.lvl in Resources */ = {isa = PBXBuildFile; fileRef = CDF5459A26E06FF3001EB866 /* niveaux.lvl */; };
/* End PBXBuildFile section */

/* Begin PBXCopyFilesBuildPhase section */
		CDF5456726DF1E70001EB866 /* Embed Frameworks */ = {
			isa = PBXCopyFilesBuildPhase;
			buildActionMask = 2147483647;
			dstPath = "";
			dstSubfolderSpec = 10;
			files = (
				CDF5456626DF1E70001EB866 /* SDL2.framework in Embed Frameworks */,
				CDF5456A26DF1E99001EB866 /* SDL2_image.framework in Embed Frameworks */,
			);
			name = "Embed Frameworks";
			runOnlyForDeploymentPostprocessing = 0;
		};
/* End PBXCopyFilesBuildPhase section */

/* Begin PBXFileReference section */
		CD444A0426E6A46F00CB8F20 /* menu.jpg */ = {isa = PBXFileReference; lastKnownFileType = image.jpeg; path = menu.jpg; sourceTree = "<group>"; };
		CD85A92B26E1089B004190E7 /* objectif.png */ = {isa = PBXFileReference; lastKnownFileType = image.png; path = objectif.png; sourceTree = "<group>"; };
		CD85A92C26E1089B004190E7 /* mario_gauche.gif */ = {isa = PBXFileReference; lastKnownFileType = image.gif; path = mario_gauche.gif; sourceTree = "<group>"; };
		CD85A92D26E1089B004190E7 /* mur.jpg */ = {isa = PBXFileReference; lastKnownFileType = image.jpeg; path = mur.jpg; sourceTree = "<group>"; };
		CD85A92E26E1089B004190E7 /* mario_droite.gif */ = {isa = PBXFileReference; lastKnownFileType = image.gif; path = mario_droite.gif; sourceTree = "<group>"; };
		CD85A92F26E1089B004190E7 /* mario_bas.gif */ = {isa = PBXFileReference; lastKnownFileType = image.gif; path = mario_bas.gif; sourceTree = "<group>"; };
		CD85A93026E1089B004190E7 /* mario_haut.gif */ = {isa = PBXFileReference; lastKnownFileType = image.gif; path = mario_haut.gif; sourceTree = "<group>"; };
		CD85A93226E1089B004190E7 /* caisse.jpg */ = {isa = PBXFileReference; lastKnownFileType = image.jpeg; path = caisse.jpg; sourceTree = "<group>"; };
		CD85A93326E1089B004190E7 /* caisse.ico */ = {isa = PBXFileReference; lastKnownFileType = image.ico; path = caisse.ico; sourceTree = "<group>"; };
		CD85A93426E1089B004190E7 /* caisse_ok.jpg */ = {isa = PBXFileReference; lastKnownFileType = image.jpeg; path = caisse_ok.jpg; sourceTree = "<group>"; };
		CDF5454E26DF1D94001EB866 /* Mario_Sokoban.app */ = {isa = PBXFileReference; explicitFileType = wrapper.application; includeInIndex = 0; path = Mario_Sokoban.app; sourceTree = BUILT_PRODUCTS_DIR; };
		CDF5455426DF1D95001EB866 /* Assets.xcassets */ = {isa = PBXFileReference; lastKnownFileType = folder.assetcatalog; path = Assets.xcassets; sourceTree = "<group>"; };
		CDF5455926DF1D95001EB866 /* Info.plist */ = {isa = PBXFileReference; lastKnownFileType = text.plist.xml; path = Info.plist; sourceTree = "<group>"; };
		CDF5455C26DF1D95001EB866 /* Mario_Sokoban.entitlements */ = {isa = PBXFileReference; lastKnownFileType = text.plist.entitlements; path = Mario_Sokoban.entitlements; sourceTree = "<group>"; };
		CDF5456426DF1E70001EB866 /* SDL2.framework */ = {isa = PBXFileReference; lastKnownFileType = wrapper.framework; name = SDL2.framework; path = ../../../../../Library/Frameworks/SDL2.framework; sourceTree = "<group>"; };
		CDF5456826DF1E99001EB866 /* SDL2_image.framework */ = {isa = PBXFileReference; lastKnownFileType = wrapper.framework; name = SDL2_image.framework; path = ../../../../../Library/Frameworks/SDL2_image.framework; sourceTree = "<group>"; };
		CDF5456B26DF1EC6001EB866 /* main.c */ = {isa = PBXFileReference; lastKnownFileType = sourcecode.c.c; path = main.c; sourceTree = "<group>"; };
		CDF5458426DFBF1A001EB866 /* constantes.h */ = {isa = PBXFileReference; lastKnownFileType = sourcecode.c.h; path = constantes.h; sourceTree = "<group>"; };
		CDF5458726DFBF89001EB866 /* jeu.h */ = {isa = PBXFileReference; lastKnownFileType = sourcecode.c.h; path = jeu.h; sourceTree = "<group>"; };
		CDF5458826DFBF89001EB866 /* jeu.c */ = {isa = PBXFileReference; lastKnownFileType = sourcecode.c.c; path = jeu.c; sourceTree = "<group>"; };
		CDF5458A26DFBFE3001EB866 /* editeur.h */ = {isa = PBXFileReference; lastKnownFileType = sourcecode.c.h; path = editeur.h; sourceTree = "<group>"; };
		CDF5458B26DFBFE3001EB866 /* editeur.c */ = {isa = PBXFileReference; lastKnownFileType = sourcecode.c.c; path = editeur.c; sourceTree = "<group>"; };
		CDF5458D26DFC010001EB866 /* fichiers.h */ = {isa = PBXFileReference; lastKnownFileType = sourcecode.c.h; path = fichiers.h; sourceTree = "<group>"; };
		CDF5458E26DFC010001EB866 /* fichiers.c */ = {isa = PBXFileReference; lastKnownFileType = sourcecode.c.c; path = fichiers.c; sourceTree = "<group>"; };
		CDF5459A26E06FF3001EB866 /* niveaux.lvl */ = {isa = PBXFileReference; fileEncoding = 4; lastKnownFileType = text; path = niveaux.lvl; sourceTree = "<group>"; };
/* End PBXFileReference section */

/* Begin PBXFrameworksBuildPhase section */
		CDF5454B26DF1D94001EB866 /* Frameworks */ = {
			isa = PBXFrameworksBuildPhase;
			buildActionMask = 2147483647;
			files = (
				CDF5456526DF1E70001EB866 /* SDL2.framework in Frameworks */,
				CDF5456926DF1E99001EB866 /* SDL2_image.framework in Frameworks */,
			);
			runOnlyForDeploymentPostprocessing = 0;
		};
/* End PBXFrameworksBuildPhase section */

/* Begin PBXGroup section */
		CD85A92826E10809004190E7 /* Images */ = {
			isa = PBXGroup;
			children = (
				CD444A0426E6A46F00CB8F20 /* menu.jpg */,
				CD85A93426E1089B004190E7 /* caisse_ok.jpg */,
				CD85A93326E1089B004190E7 /* caisse.ico */,
				CD85A93226E1089B004190E7 /* caisse.jpg */,
				CD85A92F26E1089B004190E7 /* mario_bas.gif */,
				CD85A92E26E1089B004190E7 /* mario_droite.gif */,
				CD85A92C26E1089B004190E7 /* mario_gauche.gif */,
				CD85A93026E1089B004190E7 /* mario_haut.gif */,
				CD85A92D26E1089B004190E7 /* mur.jpg */,
				CD85A92B26E1089B004190E7 /* objectif.png */,
			);
			path = Images;
			sourceTree = "<group>";
		};
		CDF5454526DF1D93001EB866 = {
			isa = PBXGroup;
			children = (
				CD85A92826E10809004190E7 /* Images */,
				CDF5455026DF1D94001EB866 /* Mario_Sokoban */,
				CDF5454F26DF1D94001EB866 /* Products */,
				CDF5456326DF1E70001EB866 /* Frameworks */,
			);
			sourceTree = "<group>";
		};
		CDF5454F26DF1D94001EB866 /* Products */ = {
			isa = PBXGroup;
			children = (
				CDF5454E26DF1D94001EB866 /* Mario_Sokoban.app */,
			);
			name = Products;
			sourceTree = "<group>";
		};
		CDF5455026DF1D94001EB866 /* Mario_Sokoban */ = {
			isa = PBXGroup;
			children = (
				CDF5455426DF1D95001EB866 /* Assets.xcassets */,
				CDF5455926DF1D95001EB866 /* Info.plist */,
				CDF5455C26DF1D95001EB866 /* Mario_Sokoban.entitlements */,
				CDF5456B26DF1EC6001EB866 /* main.c */,
				CDF5459A26E06FF3001EB866 /* niveaux.lvl */,
				CDF5458426DFBF1A001EB866 /* constantes.h */,
				CDF5458726DFBF89001EB866 /* jeu.h */,
				CDF5458826DFBF89001EB866 /* jeu.c */,
				CDF5458A26DFBFE3001EB866 /* editeur.h */,
				CDF5458B26DFBFE3001EB866 /* editeur.c */,
				CDF5458D26DFC010001EB866 /* fichiers.h */,
				CDF5458E26DFC010001EB866 /* fichiers.c */,
			);
			path = Mario_Sokoban;
			sourceTree = "<group>";
		};
		CDF5456326DF1E70001EB866 /* Frameworks */ = {
			isa = PBXGroup;
			children = (
				CDF5456826DF1E99001EB866 /* SDL2_image.framework */,
				CDF5456426DF1E70001EB866 /* SDL2.framework */,
			);
			name = Frameworks;
			sourceTree = "<group>";
		};
/* End PBXGroup section */

/* Begin PBXNativeTarget section */
		CDF5454D26DF1D94001EB866 /* Mario_Sokoban */ = {
			isa = PBXNativeTarget;
			buildConfigurationList = CDF5455F26DF1D95001EB866 /* Build configuration list for PBXNativeTarget "Mario_Sokoban" */;
			buildPhases = (
				CDF5454A26DF1D94001EB866 /* Sources */,
				CDF5454B26DF1D94001EB866 /* Frameworks */,
				CDF5454C26DF1D94001EB866 /* Resources */,
				CDF5456726DF1E70001EB866 /* Embed Frameworks */,
			);
			buildRules = (
			);
			dependencies = (
			);
			name = Mario_Sokoban;
			productName = Mario_Sokoban;
			productReference = CDF5454E26DF1D94001EB866 /* Mario_Sokoban.app */;
			productType = "com.apple.product-type.application";
		};
/* End PBXNativeTarget section */

/* Begin PBXProject section */
		CDF5454626DF1D93001EB866 /* Project object */ = {
			isa = PBXProject;
			attributes = {
				LastUpgradeCheck = 1250;
				TargetAttributes = {
					CDF5454D26DF1D94001EB866 = {
						CreatedOnToolsVersion = 12.5.1;
					};
				};
			};
			buildConfigurationList = CDF5454926DF1D93001EB866 /* Build configuration list for PBXProject "Mario_Sokoban" */;
			compatibilityVersion = "Xcode 9.3";
			developmentRegion = en;
			hasScannedForEncodings = 0;
			knownRegions = (
				en,
				Base,
			);
			mainGroup = CDF5454526DF1D93001EB866;
			productRefGroup = CDF5454F26DF1D94001EB866 /* Products */;
			projectDirPath = "";
			projectRoot = "";
			targets = (
				CDF5454D26DF1D94001EB866 /* Mario_Sokoban */,
			);
		};
/* End PBXProject section */

/* Begin PBXResourcesBuildPhase section */
		CDF5454C26DF1D94001EB866 /* Resources */ = {
			isa = PBXResourcesBuildPhase;
			buildActionMask = 2147483647;
			files = (
				CD85A93A26E1089B004190E7 /* mario_haut.gif in Resources */,
				CD444A0526E6A46F00CB8F20 /* menu.jpg in Resources */,
				CD85A93726E1089B004190E7 /* mur.jpg in Resources */,
				CD85A93C26E1089B004190E7 /* caisse.jpg in Resources */,
				CD85A93826E1089B004190E7 /* mario_droite.gif in Resources */,
				CD85A93626E1089B004190E7 /* mario_gauche.gif in Resources */,
				CDF5459B26E06FF3001EB866 /* niveaux.lvl in Resources */,
				CD85A93526E1089B004190E7 /* objectif.png in Resources */,
				CD85A93D26E1089B004190E7 /* caisse.ico in Resources */,
				CDF5455526DF1D95001EB866 /* Assets.xcassets in Resources */,
				CD85A93E26E1089B004190E7 /* caisse_ok.jpg in Resources */,
				CD85A93926E1089B004190E7 /* mario_bas.gif in Resources */,
			);
			runOnlyForDeploymentPostprocessing = 0;
		};
/* End PBXResourcesBuildPhase section */

/* Begin PBXSourcesBuildPhase section */
		CDF5454A26DF1D94001EB866 /* Sources */ = {
			isa = PBXSourcesBuildPhase;
			buildActionMask = 2147483647;
			files = (
				CDF5458F26DFC010001EB866 /* fichiers.c in Sources */,
				CDF5458926DFBF89001EB866 /* jeu.c in Sources */,
				CDF5456C26DF1EC6001EB866 /* main.c in Sources */,
				CDF5458C26DFBFE3001EB866 /* editeur.c in Sources */,
			);
			runOnlyForDeploymentPostprocessing = 0;
		};
/* End PBXSourcesBuildPhase section */

/* Begin XCBuildConfiguration section */
		CDF5455D26DF1D95001EB866 /* Debug */ = {
			isa = XCBuildConfiguration;
			buildSettings = {
				ALWAYS_SEARCH_USER_PATHS = NO;
				CLANG_ANALYZER_NONNULL = YES;
				CLANG_ANALYZER_NUMBER_OBJECT_CONVERSION = YES_AGGRESSIVE;
				CLANG_CXX_LANGUAGE_STANDARD = "gnu++14";
				CLANG_CXX_LIBRARY = "libc++";
				CLANG_ENABLE_MODULES = YES;
				CLANG_ENABLE_OBJC_ARC = YES;
				CLANG_ENABLE_OBJC_WEAK = YES;
				CLANG_WARN_BLOCK_CAPTURE_AUTORELEASING = YES;
				CLANG_WARN_BOOL_CONVERSION = YES;
				CLANG_WARN_COMMA = YES;
				CLANG_WARN_CONSTANT_CONVERSION = YES;
				CLANG_WARN_DEPRECATED_OBJC_IMPLEMENTATIONS = YES;
				CLANG_WARN_DIRECT_OBJC_ISA_USAGE = YES_ERROR;
				CLANG_WARN_DOCUMENTATION_COMMENTS = YES;
				CLANG_WARN_EMPTY_BODY = YES;
				CLANG_WARN_ENUM_CONVERSION = YES;
				CLANG_WARN_INFINITE_RECURSION = YES;
				CLANG_WARN_INT_CONVERSION = YES;
				CLANG_WARN_NON_LITERAL_NULL_CONVERSION = YES;
				CLANG_WARN_OBJC_IMPLICIT_RETAIN_SELF = YES;
				CLANG_WARN_OBJC_LITERAL_CONVERSION = YES;
				CLANG_WARN_OBJC_ROOT_CLASS = YES_ERROR;
				CLANG_WARN_QUOTED_INCLUDE_IN_FRAMEWORK_HEADER = YES;
				CLANG_WARN_RANGE_LOOP_ANALYSIS = YES;
				CLANG_WARN_STRICT_PROTOTYPES = YES;
				CLANG_WARN_SUSPICIOUS_MOVE = YES;
				CLANG_WARN_UNGUARDED_AVAILABILITY = YES_AGGRESSIVE;
				CLANG_WARN_UNREACHABLE_CODE = YES;
				CLANG_WARN__DUPLICATE_METHOD_MATCH = YES;
				COPY_PHASE_STRIP = NO;
				DEBUG_INFORMATION_FORMAT = dwarf;
				ENABLE_STRICT_OBJC_MSGSEND = YES;
				ENABLE_TESTABILITY = YES;
				GCC_C_LANGUAGE_STANDARD = gnu11;
				GCC_DYNAMIC_NO_PIC = NO;
				GCC_NO_COMMON_BLOCKS = YES;
				GCC_OPTIMIZATION_LEVEL = 0;
				GCC_PREPROCESSOR_DEFINITIONS = (
					"DEBUG=1",
					"$(inherited)",
				);
				GCC_WARN_64_TO_32_BIT_CONVERSION = YES;
				GCC_WARN_ABOUT_RETURN_TYPE = YES_ERROR;
				GCC_WARN_UNDECLARED_SELECTOR = YES;
				GCC_WARN_UNINITIALIZED_AUTOS = YES_AGGRESSIVE;
				GCC_WARN_UNUSED_FUNCTION = YES;
				GCC_WARN_UNUSED_VARIABLE = YES;
				MACOSX_DEPLOYMENT_TARGET = 11.3;
				MTL_ENABLE_DEBUG_INFO = INCLUDE_SOURCE;
				MTL_FAST_MATH = YES;
				ONLY_ACTIVE_ARCH = YES;
				SDKROOT = macosx;
			};
			name = Debug;
		};
		CDF5455E26DF1D95001EB866 /* Release */ = {
			isa = XCBuildConfiguration;
			buildSettings = {
				ALWAYS_SEARCH_USER_PATHS = NO;
				CLANG_ANALYZER_NONNULL = YES;
				CLANG_ANALYZER_NUMBER_OBJECT_CONVERSION = YES_AGGRESSIVE;
				CLANG_CXX_LANGUAGE_STANDARD = "gnu++14";
				CLANG_CXX_LIBRARY = "libc++";
				CLANG_ENABLE_MODULES = YES;
				CLANG_ENABLE_OBJC_ARC = YES;
				CLANG_ENABLE_OBJC_WEAK = YES;
				CLANG_WARN_BLOCK_CAPTURE_AUTORELEASING = YES;
				CLANG_WARN_BOOL_CONVERSION = YES;
				CLANG_WARN_COMMA = YES;
				CLANG_WARN_CONSTANT_CONVERSION = YES;
				CLANG_WARN_DEPRECATED_OBJC_IMPLEMENTATIONS = YES;
				CLANG_WARN_DIRECT_OBJC_ISA_USAGE = YES_ERROR;
				CLANG_WARN_DOCUMENTATION_COMMENTS = YES;
				CLANG_WARN_EMPTY_BODY = YES;
				CLANG_WARN_ENUM_CONVERSION = YES;
				CLANG_WARN_INFINITE_RECURSION = YES;
				CLANG_WARN_INT_CONVERSION = YES;
				CLANG_WARN_NON_LITERAL_NULL_CONVERSION = YES;
				CLANG_WARN_OBJC_IMPLICIT_RETAIN_SELF = YES;
				CLANG_WARN_OBJC_LITERAL_CONVERSION = YES;
				CLANG_WARN_OBJC_ROOT_CLASS = YES_ERROR;
				CLANG_WARN_QUOTED_INCLUDE_IN_FRAMEWORK_HEADER = YES;
				CLANG_WARN_RANGE_LOOP_ANALYSIS = YES;
				CLANG_WARN_STRICT_PROTOTYPES = YES;
				CLANG_WARN_SUSPICIOUS_MOVE = YES;
				CLANG_WARN_UNGUARDED_AVAILABILITY = YES_AGGRESSIVE;
				CLANG_WARN_UNREACHABLE_CODE = YES;
				CLANG_WARN__DUPLICATE_METHOD_MATCH = YES;
				COPY_PHASE_STRIP = NO;
				DEBUG_INFORMATION_FORMAT = "dwarf-with-dsym";
				ENABLE_NS_ASSERTIONS = NO;
				ENABLE_STRICT_OBJC_MSGSEND = YES;
				GCC_C_LANGUAGE_STANDARD = gnu11;
				GCC_NO_COMMON_BLOCKS = YES;
				GCC_WARN_64_TO_32_BIT_CONVERSION = YES;
				GCC_WARN_ABOUT_RETURN_TYPE = YES_ERROR;
				GCC_WARN_UNDECLARED_SELECTOR = YES;
				GCC_WARN_UNINITIALIZED_AUTOS = YES_AGGRESSIVE;
				GCC_WARN_UNUSED_FUNCTION = YES;
				GCC_WARN_UNUSED_VARIABLE = YES;
				MACOSX_DEPLOYMENT_TARGET = 11.3;
				MTL_ENABLE_DEBUG_INFO = NO;
				MTL_FAST_MATH = YES;
				SDKROOT = macosx;
			};
			name = Release;
		};
		CDF5456026DF1D95001EB866 /* Debug */ = {
			isa = XCBuildConfiguration;
			buildSettings = {
				ASSETCATALOG_COMPILER_APPICON_NAME = AppIcon;
				ASSETCATALOG_COMPILER_GLOBAL_ACCENT_COLOR_NAME = AccentColor;
				CLANG_WARN_QUOTED_INCLUDE_IN_FRAMEWORK_HEADER = NO;
				CODE_SIGN_ENTITLEMENTS = "";
				CODE_SIGN_STYLE = Automatic;
				COMBINE_HIDPI_IMAGES = YES;
				FRAMEWORK_SEARCH_PATHS = (
					"$(inherited)",
					"$(LOCAL_LIBRARY_DIR)/Frameworks",
				);
				INFOPLIST_FILE = Mario_Sokoban/Info.plist;
				LD_RUNPATH_SEARCH_PATHS = (
					"$(inherited)",
					"@executable_path/../Frameworks",
				);
				PRODUCT_BUNDLE_IDENTIFIER = "Sebastian-Morera.Mario-Sokoban";
				PRODUCT_NAME = "$(TARGET_NAME)";
			};
			name = Debug;
		};
		CDF5456126DF1D95001EB866 /* Release */ = {
			isa = XCBuildConfiguration;
			buildSettings = {
				ASSETCATALOG_COMPILER_APPICON_NAME = AppIcon;
				ASSETCATALOG_COMPILER_GLOBAL_ACCENT_COLOR_NAME = AccentColor;
				CLANG_WARN_QUOTED_INCLUDE_IN_FRAMEWORK_HEADER = NO;
				CODE_SIGN_ENTITLEMENTS = "";
				CODE_SIGN_STYLE = Automatic;
				COMBINE_HIDPI_IMAGES = YES;
				FRAMEWORK_SEARCH_PATHS = (
					"$(inherited)",
					"$(LOCAL_LIBRARY_DIR)/Frameworks",
				);
				INFOPLIST_FILE = Mario_Sokoban/Info.plist;
				LD_RUNPATH_SEARCH_PATHS = (
					"$(inherited)",
					"@executable_path/../Frameworks",
				);
				PRODUCT_BUNDLE_IDENTIFIER = "Sebastian-Morera.Mario-Sokoban";
				PRODUCT_NAME = "$(TARGET_NAME)";
			};
			name = Release;
		};
/* End XCBuildConfiguration section */

/* Begin XCConfigurationList section */
		CDF5454926DF1D93001EB866 /* Build configuration list for PBXProject "Mario_Sokoban" */ = {
			isa = XCConfigurationList;
			buildConfigurations = (
				CDF5455D26DF1D95001EB866 /* Debug */,
				CDF5455E26DF1D95001EB866 /* Release */,
			);
			defaultConfigurationIsVisible = 0;
			defaultConfigurationName = Release;
		};
		CDF5455F26DF1D95001EB866 /* Build configuration list for PBXNativeTarget "Mario_Sokoban" */ = {
			isa = XCConfigurationList;
			buildConfigurations = (
				CDF5456026DF1D95001EB866 /* Debug */,
				CDF5456126DF1D95001EB866 /* Release */,
			);
			defaultConfigurationIsVisible = 0;
			defaultConfigurationName = Release;
		};
/* End XCConfigurationList section */
	};
	rootObject = CDF5454626DF1D93001EB866 /* Project object */;
}
